// !$*UTF8*$!
{
	archiveVersion = 1;
	classes = {
	};
	objectVersion = 50;
	objects = {

/* Begin PBXBuildFile section */
		D177344C2445DBD000F1009C /* AppDelegate.swift in Sources */ = {isa = PBXBuildFile; fileRef = D177344B2445DBD000F1009C /* AppDelegate.swift */; };
		D177344E2445DBD000F1009C /* SceneDelegate.swift in Sources */ = {isa = PBXBuildFile; fileRef = D177344D2445DBD000F1009C /* SceneDelegate.swift */; };
		D17734502445DBD000F1009C /* ViewController.swift in Sources */ = {isa = PBXBuildFile; fileRef = D177344F2445DBD000F1009C /* ViewController.swift */; };
		D17734532445DBD000F1009C /* Main.storyboard in Resources */ = {isa = PBXBuildFile; fileRef = D17734512445DBD000F1009C /* Main.storyboard */; };
		D17734552445DBD100F1009C /* Assets.xcassets in Resources */ = {isa = PBXBuildFile; fileRef = D17734542445DBD100F1009C /* Assets.xcassets */; };
		D17734582445DBD100F1009C /* LaunchScreen.storyboard in Resources */ = {isa = PBXBuildFile; fileRef = D17734562445DBD100F1009C /* LaunchScreen.storyboard */; };
		D17734622445DC2200F1009C /* HorizontalPicker.swift in Sources */ = {isa = PBXBuildFile; fileRef = D17734612445DC2200F1009C /* HorizontalPicker.swift */; };
		D17734642445DCDD00F1009C /* HorizontalPicker.xib in Resources */ = {isa = PBXBuildFile; fileRef = D17734632445DCDD00F1009C /* HorizontalPicker.xib */; };
		D17734662445DECE00F1009C /* DateCell.swift in Sources */ = {isa = PBXBuildFile; fileRef = D17734652445DECE00F1009C /* DateCell.swift */; };
		D17734682445DEDA00F1009C /* DateCell.xib in Resources */ = {isa = PBXBuildFile; fileRef = D17734672445DEDA00F1009C /* DateCell.xib */; };
		D177346A2445DF6A00F1009C /* UICollectionViewExtension.swift in Sources */ = {isa = PBXBuildFile; fileRef = D17734692445DF6A00F1009C /* UICollectionViewExtension.swift */; };
		D177346C2445DF9600F1009C /* UIViewExtension.swift in Sources */ = {isa = PBXBuildFile; fileRef = D177346B2445DF9600F1009C /* UIViewExtension.swift */; };
		D177346E2445E08B00F1009C /* StringExtension.swift in Sources */ = {isa = PBXBuildFile; fileRef = D177346D2445E08B00F1009C /* StringExtension.swift */; };
		D17734702446C51F00F1009C /* DateExtension.swift in Sources */ = {isa = PBXBuildFile; fileRef = D177346F2446C51F00F1009C /* DateExtension.swift */; };
/* End PBXBuildFile section */

/* Begin PBXFileReference section */
		D17734482445DBD000F1009C /* KWHorizontalDatePicker.app */ = {isa = PBXFileReference; explicitFileType = wrapper.application; includeInIndex = 0; path = KWHorizontalDatePicker.app; sourceTree = BUILT_PRODUCTS_DIR; };
		D177344B2445DBD000F1009C /* AppDelegate.swift */ = {isa = PBXFileReference; lastKnownFileType = sourcecode.swift; path = AppDelegate.swift; sourceTree = "<group>"; };
		D177344D2445DBD000F1009C /* SceneDelegate.swift */ = {isa = PBXFileReference; lastKnownFileType = sourcecode.swift; path = SceneDelegate.swift; sourceTree = "<group>"; };
		D177344F2445DBD000F1009C /* ViewController.swift */ = {isa = PBXFileReference; lastKnownFileType = sourcecode.swift; path = ViewController.swift; sourceTree = "<group>"; };
		D17734522445DBD000F1009C /* Base */ = {isa = PBXFileReference; lastKnownFileType = file.storyboard; name = Base; path = Base.lproj/Main.storyboard; sourceTree = "<group>"; };
		D17734542445DBD100F1009C /* Assets.xcassets */ = {isa = PBXFileReference; lastKnownFileType = folder.assetcatalog; path = Assets.xcassets; sourceTree = "<group>"; };
		D17734572445DBD100F1009C /* Base */ = {isa = PBXFileReference; lastKnownFileType = file.storyboard; name = Base; path = Base.lproj/LaunchScreen.storyboard; sourceTree = "<group>"; };
		D17734592445DBD100F1009C /* Info.plist */ = {isa = PBXFileReference; lastKnownFileType = text.plist.xml; path = Info.plist; sourceTree = "<group>"; };
		D17734612445DC2200F1009C /* HorizontalPicker.swift */ = {isa = PBXFileReference; lastKnownFileType = sourcecode.swift; path = HorizontalPicker.swift; sourceTree = "<group>"; };
		D17734632445DCDD00F1009C /* HorizontalPicker.xib */ = {isa = PBXFileReference; lastKnownFileType = file.xib; path = HorizontalPicker.xib; sourceTree = "<group>"; };
		D17734652445DECE00F1009C /* DateCell.swift */ = {isa = PBXFileReference; lastKnownFileType = sourcecode.swift; path = DateCell.swift; sourceTree = "<group>"; };
		D17734672445DEDA00F1009C /* DateCell.xib */ = {isa = PBXFileReference; lastKnownFileType = file.xib; path = DateCell.xib; sourceTree = "<group>"; };
		D17734692445DF6A00F1009C /* UICollectionViewExtension.swift */ = {isa = PBXFileReference; lastKnownFileType = sourcecode.swift; path = UICollectionViewExtension.swift; sourceTree = "<group>"; };
		D177346B2445DF9600F1009C /* UIViewExtension.swift */ = {isa = PBXFileReference; lastKnownFileType = sourcecode.swift; path = UIViewExtension.swift; sourceTree = "<group>"; };
		D177346D2445E08B00F1009C /* StringExtension.swift */ = {isa = PBXFileReference; lastKnownFileType = sourcecode.swift; path = StringExtension.swift; sourceTree = "<group>"; };
		D177346F2446C51F00F1009C /* DateExtension.swift */ = {isa = PBXFileReference; lastKnownFileType = sourcecode.swift; path = DateExtension.swift; sourceTree = "<group>"; };
/* End PBXFileReference section */

/* Begin PBXFrameworksBuildPhase section */
		D17734452445DBD000F1009C /* Frameworks */ = {
			isa = PBXFrameworksBuildPhase;
			buildActionMask = 2147483647;
			files = (
			);
			runOnlyForDeploymentPostprocessing = 0;
		};
/* End PBXFrameworksBuildPhase section */

/* Begin PBXGroup section */
		D177343F2445DBD000F1009C = {
			isa = PBXGroup;
			children = (
				D177344A2445DBD000F1009C /* KWHorizontalDatePicker */,
				D17734492445DBD000F1009C /* Products */,
			);
			sourceTree = "<group>";
		};
		D17734492445DBD000F1009C /* Products */ = {
			isa = PBXGroup;
			children = (
				D17734482445DBD000F1009C /* KWHorizontalDatePicker.app */,
			);
			name = Products;
			sourceTree = "<group>";
		};
		D177344A2445DBD000F1009C /* KWHorizontalDatePicker */ = {
			isa = PBXGroup;
			children = (
				D177345F2445DC0A00F1009C /* DatePicker */,
				D177344B2445DBD000F1009C /* AppDelegate.swift */,
				D177344D2445DBD000F1009C /* SceneDelegate.swift */,
				D177344F2445DBD000F1009C /* ViewController.swift */,
				D17734512445DBD000F1009C /* Main.storyboard */,
				D17734542445DBD100F1009C /* Assets.xcassets */,
				D17734562445DBD100F1009C /* LaunchScreen.storyboard */,
				D17734592445DBD100F1009C /* Info.plist */,
			);
			path = KWHorizontalDatePicker;
			sourceTree = "<group>";
		};
		D177345F2445DC0A00F1009C /* DatePicker */ = {
			isa = PBXGroup;
			children = (
				D17734602445DC0A00F1009C /* Extensions */,
				D17734612445DC2200F1009C /* HorizontalPicker.swift */,
				D17734632445DCDD00F1009C /* HorizontalPicker.xib */,
				D17734652445DECE00F1009C /* DateCell.swift */,
				D17734672445DEDA00F1009C /* DateCell.xib */,
			);
			path = DatePicker;
			sourceTree = "<group>";
		};
		D17734602445DC0A00F1009C /* Extensions */ = {
			isa = PBXGroup;
			children = (
				D17734692445DF6A00F1009C /* UICollectionViewExtension.swift */,
				D177346B2445DF9600F1009C /* UIViewExtension.swift */,
				D177346D2445E08B00F1009C /* StringExtension.swift */,
				D177346F2446C51F00F1009C /* DateExtension.swift */,
			);
			path = Extensions;
			sourceTree = "<group>";
		};
/* End PBXGroup section */

/* Begin PBXNativeTarget section */
		D17734472445DBD000F1009C /* KWHorizontalDatePicker */ = {
			isa = PBXNativeTarget;
			buildConfigurationList = D177345C2445DBD100F1009C /* Build configuration list for PBXNativeTarget "KWHorizontalDatePicker" */;
			buildPhases = (
				D17734442445DBD000F1009C /* Sources */,
				D17734452445DBD000F1009C /* Frameworks */,
				D17734462445DBD000F1009C /* Resources */,
			);
			buildRules = (
			);
			dependencies = (
			);
			name = KWHorizontalDatePicker;
			productName = KWHorizontalDatePicker;
			productReference = D17734482445DBD000F1009C /* KWHorizontalDatePicker.app */;
			productType = "com.apple.product-type.application";
		};
/* End PBXNativeTarget section */

/* Begin PBXProject section */
		D17734402445DBD000F1009C /* Project object */ = {
			isa = PBXProject;
			attributes = {
				LastSwiftUpdateCheck = 1130;
				LastUpgradeCheck = 1130;
				ORGANIZATIONNAME = KeepWorks;
				TargetAttributes = {
					D17734472445DBD000F1009C = {
						CreatedOnToolsVersion = 11.3.1;
					};
				};
			};
			buildConfigurationList = D17734432445DBD000F1009C /* Build configuration list for PBXProject "KWHorizontalDatePicker" */;
			compatibilityVersion = "Xcode 9.3";
			developmentRegion = en;
			hasScannedForEncodings = 0;
			knownRegions = (
				en,
				Base,
			);
			mainGroup = D177343F2445DBD000F1009C;
			productRefGroup = D17734492445DBD000F1009C /* Products */;
			projectDirPath = "";
			projectRoot = "";
			targets = (
				D17734472445DBD000F1009C /* KWHorizontalDatePicker */,
			);
		};
/* End PBXProject section */

/* Begin PBXResourcesBuildPhase section */
		D17734462445DBD000F1009C /* Resources */ = {
			isa = PBXResourcesBuildPhase;
			buildActionMask = 2147483647;
			files = (
				D17734582445DBD100F1009C /* LaunchScreen.storyboard in Resources */,
				D17734642445DCDD00F1009C /* HorizontalPicker.xib in Resources */,
				D17734552445DBD100F1009C /* Assets.xcassets in Resources */,
				D17734532445DBD000F1009C /* Main.storyboard in Resources */,
				D17734682445DEDA00F1009C /* DateCell.xib in Resources */,
			);
			runOnlyForDeploymentPostprocessing = 0;
		};
/* End PBXResourcesBuildPhase section */

/* Begin PBXSourcesBuildPhase section */
		D17734442445DBD000F1009C /* Sources */ = {
			isa = PBXSourcesBuildPhase;
			buildActionMask = 2147483647;
			files = (
				D17734502445DBD000F1009C /* ViewController.swift in Sources */,
				D17734662445DECE00F1009C /* DateCell.swift in Sources */,
				D17734622445DC2200F1009C /* HorizontalPicker.swift in Sources */,
				D177344C2445DBD000F1009C /* AppDelegate.swift in Sources */,
				D17734702446C51F00F1009C /* DateExtension.swift in Sources */,
				D177346E2445E08B00F1009C /* StringExtension.swift in Sources */,
				D177346C2445DF9600F1009C /* UIViewExtension.swift in Sources */,
				D177346A2445DF6A00F1009C /* UICollectionViewExtension.swift in Sources */,
				D177344E2445DBD000F1009C /* SceneDelegate.swift in Sources */,
			);
			runOnlyForDeploymentPostprocessing = 0;
		};
/* End PBXSourcesBuildPhase section */

/* Begin PBXVariantGroup section */
		D17734512445DBD000F1009C /* Main.storyboard */ = {
			isa = PBXVariantGroup;
			children = (
				D17734522445DBD000F1009C /* Base */,
			);
			name = Main.storyboard;
			sourceTree = "<group>";
		};
		D17734562445DBD100F1009C /* LaunchScreen.storyboard */ = {
			isa = PBXVariantGroup;
			children = (
				D17734572445DBD100F1009C /* Base */,
			);
			name = LaunchScreen.storyboard;
			sourceTree = "<group>";
		};
/* End PBXVariantGroup section */

/* Begin XCBuildConfiguration section */
		D177345A2445DBD100F1009C /* Debug */ = {
			isa = XCBuildConfiguration;
			buildSettings = {
				ALWAYS_SEARCH_USER_PATHS = NO;
				CLANG_ANALYZER_NONNULL = YES;
				CLANG_ANALYZER_NUMBER_OBJECT_CONVERSION = YES_AGGRESSIVE;
				CLANG_CXX_LANGUAGE_STANDARD = "gnu++14";
				CLANG_CXX_LIBRARY = "libc++";
				CLANG_ENABLE_MODULES = YES;
				CLANG_ENABLE_OBJC_ARC = YES;
				CLANG_ENABLE_OBJC_WEAK = YES;
				CLANG_WARN_BLOCK_CAPTURE_AUTORELEASING = YES;
				CLANG_WARN_BOOL_CONVERSION = YES;
				CLANG_WARN_COMMA = YES;
				CLANG_WARN_CONSTANT_CONVERSION = YES;
				CLANG_WARN_DEPRECATED_OBJC_IMPLEMENTATIONS = YES;
				CLANG_WARN_DIRECT_OBJC_ISA_USAGE = YES_ERROR;
				CLANG_WARN_DOCUMENTATION_COMMENTS = YES;
				CLANG_WARN_EMPTY_BODY = YES;
				CLANG_WARN_ENUM_CONVERSION = YES;
				CLANG_WARN_INFINITE_RECURSION = YES;
				CLANG_WARN_INT_CONVERSION = YES;
				CLANG_WARN_NON_LITERAL_NULL_CONVERSION = YES;
				CLANG_WARN_OBJC_IMPLICIT_RETAIN_SELF = YES;
				CLANG_WARN_OBJC_LITERAL_CONVERSION = YES;
				CLANG_WARN_OBJC_ROOT_CLASS = YES_ERROR;
				CLANG_WARN_RANGE_LOOP_ANALYSIS = YES;
				CLANG_WARN_STRICT_PROTOTYPES = YES;
				CLANG_WARN_SUSPICIOUS_MOVE = YES;
				CLANG_WARN_UNGUARDED_AVAILABILITY = YES_AGGRESSIVE;
				CLANG_WARN_UNREACHABLE_CODE = YES;
				CLANG_WARN__DUPLICATE_METHOD_MATCH = YES;
				COPY_PHASE_STRIP = NO;
				DEBUG_INFORMATION_FORMAT = dwarf;
				ENABLE_STRICT_OBJC_MSGSEND = YES;
				ENABLE_TESTABILITY = YES;
				GCC_C_LANGUAGE_STANDARD = gnu11;
				GCC_DYNAMIC_NO_PIC = NO;
				GCC_NO_COMMON_BLOCKS = YES;
				GCC_OPTIMIZATION_LEVEL = 0;
				GCC_PREPROCESSOR_DEFINITIONS = (
					"DEBUG=1",
					"$(inherited)",
				);
				GCC_WARN_64_TO_32_BIT_CONVERSION = YES;
				GCC_WARN_ABOUT_RETURN_TYPE = YES_ERROR;
				GCC_WARN_UNDECLARED_SELECTOR = YES;
				GCC_WARN_UNINITIALIZED_AUTOS = YES_AGGRESSIVE;
				GCC_WARN_UNUSED_FUNCTION = YES;
				GCC_WARN_UNUSED_VARIABLE = YES;
				IPHONEOS_DEPLOYMENT_TARGET = 12.0;
				MTL_ENABLE_DEBUG_INFO = INCLUDE_SOURCE;
				MTL_FAST_MATH = YES;
				ONLY_ACTIVE_ARCH = YES;
				SDKROOT = iphoneos;
				SWIFT_ACTIVE_COMPILATION_CONDITIONS = DEBUG;
				SWIFT_OPTIMIZATION_LEVEL = "-Onone";
			};
			name = Debug;
		};
		D177345B2445DBD100F1009C /* Release */ = {
			isa = XCBuildConfiguration;
			buildSettings = {
				ALWAYS_SEARCH_USER_PATHS = NO;
				CLANG_ANALYZER_NONNULL = YES;
				CLANG_ANALYZER_NUMBER_OBJECT_CONVERSION = YES_AGGRESSIVE;
				CLANG_CXX_LANGUAGE_STANDARD = "gnu++14";
				CLANG_CXX_LIBRARY = "libc++";
				CLANG_ENABLE_MODULES = YES;
				CLANG_ENABLE_OBJC_ARC = YES;
				CLANG_ENABLE_OBJC_WEAK = YES;
				CLANG_WARN_BLOCK_CAPTURE_AUTORELEASING = YES;
				CLANG_WARN_BOOL_CONVERSION = YES;
				CLANG_WARN_COMMA = YES;
				CLANG_WARN_CONSTANT_CONVERSION = YES;
				CLANG_WARN_DEPRECATED_OBJC_IMPLEMENTATIONS = YES;
				CLANG_WARN_DIRECT_OBJC_ISA_USAGE = YES_ERROR;
				CLANG_WARN_DOCUMENTATION_COMMENTS = YES;
				CLANG_WARN_EMPTY_BODY = YES;
				CLANG_WARN_ENUM_CONVERSION = YES;
				CLANG_WARN_INFINITE_RECURSION = YES;
				CLANG_WARN_INT_CONVERSION = YES;
				CLANG_WARN_NON_LITERAL_NULL_CONVERSION = YES;
				CLANG_WARN_OBJC_IMPLICIT_RETAIN_SELF = YES;
				CLANG_WARN_OBJC_LITERAL_CONVERSION = YES;
				CLANG_WARN_OBJC_ROOT_CLASS = YES_ERROR;
				CLANG_WARN_RANGE_LOOP_ANALYSIS = YES;
				CLANG_WARN_STRICT_PROTOTYPES = YES;
				CLANG_WARN_SUSPICIOUS_MOVE = YES;
				CLANG_WARN_UNGUARDED_AVAILABILITY = YES_AGGRESSIVE;
				CLANG_WARN_UNREACHABLE_CODE = YES;
				CLANG_WARN__DUPLICATE_METHOD_MATCH = YES;
				COPY_PHASE_STRIP = NO;
				DEBUG_INFORMATION_FORMAT = "dwarf-with-dsym";
				ENABLE_NS_ASSERTIONS = NO;
				ENABLE_STRICT_OBJC_MSGSEND = YES;
				GCC_C_LANGUAGE_STANDARD = gnu11;
				GCC_NO_COMMON_BLOCKS = YES;
				GCC_WARN_64_TO_32_BIT_CONVERSION = YES;
				GCC_WARN_ABOUT_RETURN_TYPE = YES_ERROR;
				GCC_WARN_UNDECLARED_SELECTOR = YES;
				GCC_WARN_UNINITIALIZED_AUTOS = YES_AGGRESSIVE;
				GCC_WARN_UNUSED_FUNCTION = YES;
				GCC_WARN_UNUSED_VARIABLE = YES;
				IPHONEOS_DEPLOYMENT_TARGET = 12.0;
				MTL_ENABLE_DEBUG_INFO = NO;
				MTL_FAST_MATH = YES;
				SDKROOT = iphoneos;
				SWIFT_COMPILATION_MODE = wholemodule;
				SWIFT_OPTIMIZATION_LEVEL = "-O";
				VALIDATE_PRODUCT = YES;
			};
			name = Release;
		};
		D177345D2445DBD100F1009C /* Debug */ = {
			isa = XCBuildConfiguration;
			buildSettings = {
				ASSETCATALOG_COMPILER_APPICON_NAME = AppIcon;
				CODE_SIGN_STYLE = Automatic;
				INFOPLIST_FILE = KWHorizontalDatePicker/Info.plist;
				LD_RUNPATH_SEARCH_PATHS = (
					"$(inherited)",
					"@executable_path/Frameworks",
				);
				PRODUCT_BUNDLE_IDENTIFIER = com.keepworks.KWHorizontalDatePicker;
				PRODUCT_NAME = "$(TARGET_NAME)";
				SWIFT_VERSION = 5.0;
				TARGETED_DEVICE_FAMILY = "1,2";
			};
			name = Debug;
		};
		D177345E2445DBD100F1009C /* Release */ = {
			isa = XCBuildConfiguration;
			buildSettings = {
				ASSETCATALOG_COMPILER_APPICON_NAME = AppIcon;
				CODE_SIGN_STYLE = Automatic;
				INFOPLIST_FILE = KWHorizontalDatePicker/Info.plist;
				LD_RUNPATH_SEARCH_PATHS = (
					"$(inherited)",
					"@executable_path/Frameworks",
				);
				PRODUCT_BUNDLE_IDENTIFIER = com.keepworks.KWHorizontalDatePicker;
				PRODUCT_NAME = "$(TARGET_NAME)";
				SWIFT_VERSION = 5.0;
				TARGETED_DEVICE_FAMILY = "1,2";
			};
			name = Release;
		};
/* End XCBuildConfiguration section */

/* Begin XCConfigurationList section */
		D17734432445DBD000F1009C /* Build configuration list for PBXProject "KWHorizontalDatePicker" */ = {
			isa = XCConfigurationList;
			buildConfigurations = (
				D177345A2445DBD100F1009C /* Debug */,
				D177345B2445DBD100F1009C /* Release */,
			);
			defaultConfigurationIsVisible = 0;
			defaultConfigurationName = Release;
		};
		D177345C2445DBD100F1009C /* Build configuration list for PBXNativeTarget "KWHorizontalDatePicker" */ = {
			isa = XCConfigurationList;
			buildConfigurations = (
				D177345D2445DBD100F1009C /* Debug */,
				D177345E2445DBD100F1009C /* Release */,
			);
			defaultConfigurationIsVisible = 0;
			defaultConfigurationName = Release;
		};
/* End XCConfigurationList section */
	};
	rootObject = D17734402445DBD000F1009C /* Project object */;
}
